
Microsoft Visual Studio Solution File, Format Version 12.00
# Visual Studio 2012
Project("{FAE04EC0-301F-11D3-BF4B-00C04F79EFBC}") = "MvcTest", "MvcTest\MvcTest.csproj", "{D4DE45A9-2646-422A-ABA8-E46A24CAE256}"
EndProject
Global
	GlobalSection(SolutionConfigurationPlatforms) = preSolution
		Debug|Any CPU = Debug|Any CPU
		Release|Any CPU = Release|Any CPU
	EndGlobalSection
	GlobalSection(ProjectConfigurationPlatforms) = postSolution
		{D4DE45A9-2646-422A-ABA8-E46A24CAE256}.Debug|Any CPU.ActiveCfg = Debug|Any CPU
		{D4DE45A9-2646-422A-ABA8-E46A24CAE256}.Debug|Any CPU.Build.0 = Debug|Any CPU
		{D4DE45A9-2646-422A-ABA8-E46A24CAE256}.Release|Any CPU.ActiveCfg = Release|Any CPU
		{D4DE45A9-2646-422A-ABA8-E46A24CAE256}.Release|Any CPU.Build.0 = Release|Any CPU
	EndGlobalSection
	GlobalSection(SolutionProperties) = preSolution
		HideSolutionNode = FALSE
	EndGlobalSection
EndGlobal
